{
  "nodes": {
    "ameba-src": {
      "flake": false,
      "locked": {
        "lastModified": 1705948221,
        "narHash": "sha256-ThBiU9/QSkBcS6dZBIW9zL0HMqO30bzqnreGloQ7qos=",
        "owner": "crystal-ameba",
        "repo": "ameba",
        "rev": "63be60ce96543e8dd91fcbe100d4a299f8f16870",
        "type": "github"
      },
      "original": {
        "owner": "crystal-ameba",
        "repo": "ameba",
        "type": "github"
      }
    },
    "crystal-src": {
      "flake": false,
      "locked": {
        "lastModified": 1705584971,
        "narHash": "sha256-BBEDWqFtmFUNj0kuGBzv71YHO3KjxV4d2ySTCD4HhLc=",
        "owner": "crystal-lang",
        "repo": "crystal",
        "rev": "fda656c7134138e013e89281e74a4f3761b53fd7",
        "type": "github"
      },
      "original": {
        "owner": "crystal-lang",
        "ref": "release/1.11",
        "repo": "crystal",
        "type": "github"
      }
    },
    "flake-utils": {
      "inputs": {
        "systems": "systems"
      },
      "locked": {
        "lastModified": 1705309234,
        "narHash": "sha256-uNRRNRKmJyCRC/8y1RqBkqWBLM034y4qN7EprSdmgyA=",
        "owner": "numtide",
        "repo": "flake-utils",
        "rev": "1ef2e671c3b0c19053962c07dbda38332dcebf26",
        "type": "github"
      },
      "original": {
        "owner": "numtide",
        "repo": "flake-utils",
        "type": "github"
      }
    },
    "nixpkgs": {
      "locked": {
        "lastModified": 1707205916,
        "narHash": "sha256-fmRJilYGlB7VCt3XsdYxrA0u8e/K84O5xYucerUY0iM=",
        "owner": "NixOS",
        "repo": "nixpkgs",
        "rev": "8cc79aa39bbc6eaedaf286ae655b224c71e02907",
        "type": "github"
      },
      "original": {
        "owner": "NixOS",
        "ref": "nixpkgs-unstable",
        "repo": "nixpkgs",
        "type": "github"
      }
    },
    "root": {
      "inputs": {
        "ameba-src": "ameba-src",
        "crystal-src": "crystal-src",
        "flake-utils": "flake-utils",
        "nixpkgs": "nixpkgs"
      }
    },
    "systems": {
      "locked": {
        "lastModified": 1681028828,
        "narHash": "sha256-Vy1rq5AaRuLzOxct8nz4T6wlgyUR7zLU309k9mBC768=",
        "owner": "nix-systems",
        "repo": "default",
        "rev": "da67096a3b9bf56a91d16901293e51ba5b49a27e",
        "type": "github"
      },
      "original": {
        "owner": "nix-systems",
        "repo": "default",
        "type": "github"
      }
    }
  },
  "root": "root",
  "version": 7
}
