{
  "nodes": {
    "ameba-src": {
      "flake": false,
      "locked": {
        "lastModified": 1679041484,
        "narHash": "sha256-pc9mtVR/PBhM5l1PnDkm+y+McxbrfAmQzxmLi761VF4=",
        "owner": "crystal-ameba",
        "repo": "ameba",
        "rev": "7c74d196d6d9a496a81a0c7b79ef44f39faf41b8",
        "type": "github"
      },
      "original": {
        "owner": "crystal-ameba",
        "ref": "v1.4.3",
        "repo": "ameba",
        "type": "github"
      }
    },
    "crystal-src": {
      "flake": false,
      "locked": {
        "lastModified": 1683622346,
        "narHash": "sha256-YAORdipzpC9CrFgZUFlFfjzlJQ6ZeA2ekVu8IfPOxR8=",
        "owner": "crystal-lang",
        "repo": "crystal",
        "rev": "7aa5cdd86544005a37090f848d1304df1c181fa4",
        "type": "github"
      },
      "original": {
        "owner": "crystal-lang",
        "ref": "release/1.8",
        "repo": "crystal",
        "type": "github"
      }
    },
    "flake-utils": {
      "inputs": {
        "systems": "systems"
      },
      "locked": {
        "lastModified": 1689068808,
        "narHash": "sha256-6ixXo3wt24N/melDWjq70UuHQLxGV8jZvooRanIHXw0=",
        "owner": "numtide",
        "repo": "flake-utils",
        "rev": "919d646de7be200f3bf08cb76ae1f09402b6f9b4",
        "type": "github"
      },
      "original": {
        "owner": "numtide",
        "repo": "flake-utils",
        "type": "github"
      }
    },
    "nixpkgs": {
      "locked": {
        "lastModified": 1689261696,
        "narHash": "sha256-LzfUtFs9MQRvIoQ3MfgSuipBVMXslMPH/vZ+nM40LkA=",
        "owner": "NixOS",
        "repo": "nixpkgs",
        "rev": "df1eee2aa65052a18121ed4971081576b25d6b5c",
        "type": "github"
      },
      "original": {
        "owner": "NixOS",
        "ref": "nixpkgs-unstable",
        "repo": "nixpkgs",
        "type": "github"
      }
    },
    "root": {
      "inputs": {
        "ameba-src": "ameba-src",
        "crystal-src": "crystal-src",
        "flake-utils": "flake-utils",
        "nixpkgs": "nixpkgs"
      }
    },
    "systems": {
      "locked": {
        "lastModified": 1681028828,
        "narHash": "sha256-Vy1rq5AaRuLzOxct8nz4T6wlgyUR7zLU309k9mBC768=",
        "owner": "nix-systems",
        "repo": "default",
        "rev": "da67096a3b9bf56a91d16901293e51ba5b49a27e",
        "type": "github"
      },
      "original": {
        "owner": "nix-systems",
        "repo": "default",
        "type": "github"
      }
    }
  },
  "root": "root",
  "version": 7
}
